
Microsoft Visual Studio Solution File, Format Version 12.00
# Visual Studio 14
VisualStudioVersion = 14.0.25420.1
MinimumVisualStudioVersion = 10.0.40219.1
Project("{8BC9CEB8-8B4A-11D0-8D11-00A0C91BC942}") = "HelloWorld", "HelloWorld\HelloWorld.vcxproj", "{FDF9C122-D9B2-4F60-9D62-2E81C91D0DED}"
EndProject
Project("{8BC9CEB8-8B4A-11D0-8D11-00A0C91BC942}") = "PDWIT_CZ", "PDIWT_CZ\PDWIT_CZ.vcxproj", "{A3231ACD-C9E6-47F8-B44C-D48AAEACE010}"
EndProject
Project("{8BC9CEB8-8B4A-11D0-8D11-00A0C91BC942}") = "PDIWT_Gadget", "PDIWT_Gadget\PDIWT_Gadget.vcxproj", "{ACDFBB01-B48C-4390-A3C0-CD1D473D6682}"
EndProject
Project("{8BC9CEB8-8B4A-11D0-8D11-00A0C91BC942}") = "PDIWT_ZJCZL_C++", "PDIWT_ZJCZL_C++\PDIWT_ZJCZL_C++.vcxproj", "{FE73B1B1-1DC8-4943-8FA4-D3AF6C96FCE1}"
EndProject
Project("{FAE04EC0-301F-11D3-BF4B-00C04F79EFBC}") = "PDIWT_Tool.Extension", "PDIWT_Tool.Extension\PDIWT_Tool.Extension.csproj", "{84C38C8B-8ED3-4A34-B20A-3F0DA18CB184}"
EndProject
Global
	GlobalSection(SolutionConfigurationPlatforms) = preSolution
		Debug|Any CPU = Debug|Any CPU
		Debug|x64 = Debug|x64
		Debug|x86 = Debug|x86
		Release|Any CPU = Release|Any CPU
		Release|x64 = Release|x64
		Release|x86 = Release|x86
	EndGlobalSection
	GlobalSection(ProjectConfigurationPlatforms) = postSolution
		{FDF9C122-D9B2-4F60-9D62-2E81C91D0DED}.Debug|Any CPU.ActiveCfg = Debug|Win32
		{FDF9C122-D9B2-4F60-9D62-2E81C91D0DED}.Debug|x64.ActiveCfg = Debug|x64
		{FDF9C122-D9B2-4F60-9D62-2E81C91D0DED}.Debug|x64.Build.0 = Debug|x64
		{FDF9C122-D9B2-4F60-9D62-2E81C91D0DED}.Debug|x86.ActiveCfg = Debug|Win32
		{FDF9C122-D9B2-4F60-9D62-2E81C91D0DED}.Debug|x86.Build.0 = Debug|Win32
		{FDF9C122-D9B2-4F60-9D62-2E81C91D0DED}.Release|Any CPU.ActiveCfg = Release|Win32
		{FDF9C122-D9B2-4F60-9D62-2E81C91D0DED}.Release|x64.ActiveCfg = Release|x64
		{FDF9C122-D9B2-4F60-9D62-2E81C91D0DED}.Release|x64.Build.0 = Release|x64
		{FDF9C122-D9B2-4F60-9D62-2E81C91D0DED}.Release|x86.ActiveCfg = Release|Win32
		{FDF9C122-D9B2-4F60-9D62-2E81C91D0DED}.Release|x86.Build.0 = Release|Win32
		{A3231ACD-C9E6-47F8-B44C-D48AAEACE010}.Debug|Any CPU.ActiveCfg = Debug|Win32
		{A3231ACD-C9E6-47F8-B44C-D48AAEACE010}.Debug|x64.ActiveCfg = Debug|x64
		{A3231ACD-C9E6-47F8-B44C-D48AAEACE010}.Debug|x64.Build.0 = Debug|x64
		{A3231ACD-C9E6-47F8-B44C-D48AAEACE010}.Debug|x86.ActiveCfg = Debug|Win32
		{A3231ACD-C9E6-47F8-B44C-D48AAEACE010}.Debug|x86.Build.0 = Debug|Win32
		{A3231ACD-C9E6-47F8-B44C-D48AAEACE010}.Release|Any CPU.ActiveCfg = Release|Win32
		{A3231ACD-C9E6-47F8-B44C-D48AAEACE010}.Release|x64.ActiveCfg = Release|x64
		{A3231ACD-C9E6-47F8-B44C-D48AAEACE010}.Release|x64.Build.0 = Release|x64
		{A3231ACD-C9E6-47F8-B44C-D48AAEACE010}.Release|x86.ActiveCfg = Release|Win32
		{A3231ACD-C9E6-47F8-B44C-D48AAEACE010}.Release|x86.Build.0 = Release|Win32
		{ACDFBB01-B48C-4390-A3C0-CD1D473D6682}.Debug|Any CPU.ActiveCfg = Debug|Win32
		{ACDFBB01-B48C-4390-A3C0-CD1D473D6682}.Debug|x64.ActiveCfg = Debug|x64
		{ACDFBB01-B48C-4390-A3C0-CD1D473D6682}.Debug|x64.Build.0 = Debug|x64
		{ACDFBB01-B48C-4390-A3C0-CD1D473D6682}.Debug|x86.ActiveCfg = Debug|Win32
		{ACDFBB01-B48C-4390-A3C0-CD1D473D6682}.Debug|x86.Build.0 = Debug|Win32
		{ACDFBB01-B48C-4390-A3C0-CD1D473D6682}.Release|Any CPU.ActiveCfg = Release|Win32
		{ACDFBB01-B48C-4390-A3C0-CD1D473D6682}.Release|x64.ActiveCfg = Release|x64
		{ACDFBB01-B48C-4390-A3C0-CD1D473D6682}.Release|x64.Build.0 = Release|x64
		{ACDFBB01-B48C-4390-A3C0-CD1D473D6682}.Release|x86.ActiveCfg = Release|Win32
		{ACDFBB01-B48C-4390-A3C0-CD1D473D6682}.Release|x86.Build.0 = Release|Win32
		{FE73B1B1-1DC8-4943-8FA4-D3AF6C96FCE1}.Debug|Any CPU.ActiveCfg = Debug|Win32
		{FE73B1B1-1DC8-4943-8FA4-D3AF6C96FCE1}.Debug|x64.ActiveCfg = Debug|x64
		{FE73B1B1-1DC8-4943-8FA4-D3AF6C96FCE1}.Debug|x64.Build.0 = Debug|x64
		{FE73B1B1-1DC8-4943-8FA4-D3AF6C96FCE1}.Debug|x86.ActiveCfg = Debug|Win32
		{FE73B1B1-1DC8-4943-8FA4-D3AF6C96FCE1}.Debug|x86.Build.0 = Debug|Win32
		{FE73B1B1-1DC8-4943-8FA4-D3AF6C96FCE1}.Release|Any CPU.ActiveCfg = Release|Win32
		{FE73B1B1-1DC8-4943-8FA4-D3AF6C96FCE1}.Release|x64.ActiveCfg = Release|x64
		{FE73B1B1-1DC8-4943-8FA4-D3AF6C96FCE1}.Release|x64.Build.0 = Release|x64
		{FE73B1B1-1DC8-4943-8FA4-D3AF6C96FCE1}.Release|x86.ActiveCfg = Release|Win32
		{FE73B1B1-1DC8-4943-8FA4-D3AF6C96FCE1}.Release|x86.Build.0 = Release|Win32
		{84C38C8B-8ED3-4A34-B20A-3F0DA18CB184}.Debug|Any CPU.ActiveCfg = Debug|Any CPU
		{84C38C8B-8ED3-4A34-B20A-3F0DA18CB184}.Debug|Any CPU.Build.0 = Debug|Any CPU
		{84C38C8B-8ED3-4A34-B20A-3F0DA18CB184}.Debug|x64.ActiveCfg = Debug|Any CPU
		{84C38C8B-8ED3-4A34-B20A-3F0DA18CB184}.Debug|x64.Build.0 = Debug|Any CPU
		{84C38C8B-8ED3-4A34-B20A-3F0DA18CB184}.Debug|x86.ActiveCfg = Debug|Any CPU
		{84C38C8B-8ED3-4A34-B20A-3F0DA18CB184}.Debug|x86.Build.0 = Debug|Any CPU
		{84C38C8B-8ED3-4A34-B20A-3F0DA18CB184}.Release|Any CPU.ActiveCfg = Release|Any CPU
		{84C38C8B-8ED3-4A34-B20A-3F0DA18CB184}.Release|Any CPU.Build.0 = Release|Any CPU
		{84C38C8B-8ED3-4A34-B20A-3F0DA18CB184}.Release|x64.ActiveCfg = Release|Any CPU
		{84C38C8B-8ED3-4A34-B20A-3F0DA18CB184}.Release|x64.Build.0 = Release|Any CPU
		{84C38C8B-8ED3-4A34-B20A-3F0DA18CB184}.Release|x86.ActiveCfg = Release|Any CPU
		{84C38C8B-8ED3-4A34-B20A-3F0DA18CB184}.Release|x86.Build.0 = Release|Any CPU
	EndGlobalSection
	GlobalSection(SolutionProperties) = preSolution
		HideSolutionNode = FALSE
	EndGlobalSection
EndGlobal
